
Microsoft Visual Studio Solution File, Format Version 12.00
# Visual Studio Version 17
VisualStudioVersion = 17.10.34607.79
MinimumVisualStudioVersion = 10.0.40219.1
Project("{9A19103F-16F7-4668-BE54-9A1E7A4F7556}") = "ZData01", "ZData01.csproj", "{A661343A-801B-4C58-9504-71F5C197BA33}"
EndProject
Global
	GlobalSection(SolutionConfigurationPlatforms) = preSolution
		Debug|Any CPU = Debug|Any CPU
		Release|Any CPU = Release|Any CPU
	EndGlobalSection
	GlobalSection(ProjectConfigurationPlatforms) = postSolution
		{A661343A-801B-4C58-9504-71F5C197BA33}.Debug|Any CPU.ActiveCfg = Debug|Any CPU
		{A661343A-801B-4C58-9504-71F5C197BA33}.Debug|Any CPU.Build.0 = Debug|Any CPU
		{A661343A-801B-4C58-9504-71F5C197BA33}.Release|Any CPU.ActiveCfg = Release|Any CPU
		{A661343A-801B-4C58-9504-71F5C197BA33}.Release|Any CPU.Build.0 = Release|Any CPU
	EndGlobalSection
	GlobalSection(SolutionProperties) = preSolution
		HideSolutionNode = FALSE
	EndGlobalSection
	GlobalSection(ExtensibilityGlobals) = postSolution
		SolutionGuid = {965FB356-EA6C-41E7-873E-FE39760BFE18}
	EndGlobalSection
EndGlobal
